// !$*UTF8*$!
{
	archiveVersion = 1;
	classes = {
	};
	objectVersion = 46;
	objects = {

/* Begin PBXBuildFile section */
		DD4EBBD11C3D0A31005F8D1F /* main.m in Sources */ = {isa = PBXBuildFile; fileRef = DD4EBBD01C3D0A31005F8D1F /* main.m */; };
		DD4EBBD41C3D0A31005F8D1F /* AppDelegate.m in Sources */ = {isa = PBXBuildFile; fileRef = DD4EBBD31C3D0A31005F8D1F /* AppDelegate.m */; };
		DD4EBBDC1C3D0A31005F8D1F /* Assets.xcassets in Resources */ = {isa = PBXBuildFile; fileRef = DD4EBBDB1C3D0A31005F8D1F /* Assets.xcassets */; };
		DD4EBBE81C3D0A6F005F8D1F /* CHHomeViewController.m in Sources */ = {isa = PBXBuildFile; fileRef = DD4EBBE71C3D0A6F005F8D1F /* CHHomeViewController.m */; };
		DD4EBBEB1C3D0B91005F8D1F /* UIButton+Countdown.m in Sources */ = {isa = PBXBuildFile; fileRef = DD4EBBEA1C3D0B91005F8D1F /* UIButton+Countdown.m */; };
/* End PBXBuildFile section */

/* Begin PBXFileReference section */
		DD4EBBCC1C3D0A31005F8D1F /* CHCountdown.app */ = {isa = PBXFileReference; explicitFileType = wrapper.application; includeInIndex = 0; path = CHCountdown.app; sourceTree = BUILT_PRODUCTS_DIR; };
		DD4EBBD01C3D0A31005F8D1F /* main.m */ = {isa = PBXFileReference; lastKnownFileType = sourcecode.c.objc; path = main.m; sourceTree = "<group>"; };
		DD4EBBD21C3D0A31005F8D1F /* AppDelegate.h */ = {isa = PBXFileReference; lastKnownFileType = sourcecode.c.h; path = AppDelegate.h; sourceTree = "<group>"; };
		DD4EBBD31C3D0A31005F8D1F /* AppDelegate.m */ = {isa = PBXFileReference; lastKnownFileType = sourcecode.c.objc; path = AppDelegate.m; sourceTree = "<group>"; };
		DD4EBBDB1C3D0A31005F8D1F /* Assets.xcassets */ = {isa = PBXFileReference; lastKnownFileType = folder.assetcatalog; path = Assets.xcassets; sourceTree = "<group>"; };
		DD4EBBE01C3D0A31005F8D1F /* Info.plist */ = {isa = PBXFileReference; lastKnownFileType = text.plist.xml; path = Info.plist; sourceTree = "<group>"; };
		DD4EBBE61C3D0A6F005F8D1F /* CHHomeViewController.h */ = {isa = PBXFileReference; fileEncoding = 4; lastKnownFileType = sourcecode.c.h; path = CHHomeViewController.h; sourceTree = "<group>"; };
		DD4EBBE71C3D0A6F005F8D1F /* CHHomeViewController.m */ = {isa = PBXFileReference; fileEncoding = 4; lastKnownFileType = sourcecode.c.objc; path = CHHomeViewController.m; sourceTree = "<group>"; };
		DD4EBBE91C3D0B91005F8D1F /* UIButton+Countdown.h */ = {isa = PBXFileReference; fileEncoding = 4; lastKnownFileType = sourcecode.c.h; path = "UIButton+Countdown.h"; sourceTree = "<group>"; };
		DD4EBBEA1C3D0B91005F8D1F /* UIButton+Countdown.m */ = {isa = PBXFileReference; fileEncoding = 4; lastKnownFileType = sourcecode.c.objc; path = "UIButton+Countdown.m"; sourceTree = "<group>"; };
		DD4EBBEC1C3D37C0005F8D1F /* CHCountdown-Prefix.pch */ = {isa = PBXFileReference; lastKnownFileType = sourcecode.c.h; path = "CHCountdown-Prefix.pch"; sourceTree = "<group>"; };
/* End PBXFileReference section */

/* Begin PBXFrameworksBuildPhase section */
		DD4EBBC91C3D0A31005F8D1F /* Frameworks */ = {
			isa = PBXFrameworksBuildPhase;
			buildActionMask = 2147483647;
			files = (
			);
			runOnlyForDeploymentPostprocessing = 0;
		};
/* End PBXFrameworksBuildPhase section */

/* Begin PBXGroup section */
		DD4EBBC31C3D0A31005F8D1F = {
			isa = PBXGroup;
			children = (
				DD4EBBCE1C3D0A31005F8D1F /* CHCountdown */,
				DD4EBBCD1C3D0A31005F8D1F /* Products */,
			);
			sourceTree = "<group>";
		};
		DD4EBBCD1C3D0A31005F8D1F /* Products */ = {
			isa = PBXGroup;
			children = (
				DD4EBBCC1C3D0A31005F8D1F /* CHCountdown.app */,
			);
			name = Products;
			sourceTree = "<group>";
		};
		DD4EBBCE1C3D0A31005F8D1F /* CHCountdown */ = {
			isa = PBXGroup;
			children = (
				DD4EBBD21C3D0A31005F8D1F /* AppDelegate.h */,
				DD4EBBD31C3D0A31005F8D1F /* AppDelegate.m */,
				DD4EBBE61C3D0A6F005F8D1F /* CHHomeViewController.h */,
				DD4EBBE71C3D0A6F005F8D1F /* CHHomeViewController.m */,
				DD4EBBE91C3D0B91005F8D1F /* UIButton+Countdown.h */,
				DD4EBBEA1C3D0B91005F8D1F /* UIButton+Countdown.m */,
				DD4EBBDB1C3D0A31005F8D1F /* Assets.xcassets */,
				DD4EBBE01C3D0A31005F8D1F /* Info.plist */,
				DD4EBBCF1C3D0A31005F8D1F /* Supporting Files */,
			);
			path = CHCountdown;
			sourceTree = "<group>";
		};
		DD4EBBCF1C3D0A31005F8D1F /* Supporting Files */ = {
			isa = PBXGroup;
			children = (
				DD4EBBD01C3D0A31005F8D1F /* main.m */,
				DD4EBBEC1C3D37C0005F8D1F /* CHCountdown-Prefix.pch */,
			);
			name = "Supporting Files";
			sourceTree = "<group>";
		};
/* End PBXGroup section */

/* Begin PBXNativeTarget section */
		DD4EBBCB1C3D0A31005F8D1F /* CHCountdown */ = {
			isa = PBXNativeTarget;
			buildConfigurationList = DD4EBBE31C3D0A31005F8D1F /* Build configuration list for PBXNativeTarget "CHCountdown" */;
			buildPhases = (
				DD4EBBC81C3D0A31005F8D1F /* Sources */,
				DD4EBBC91C3D0A31005F8D1F /* Frameworks */,
				DD4EBBCA1C3D0A31005F8D1F /* Resources */,
			);
			buildRules = (
			);
			dependencies = (
			);
			name = CHCountdown;
			productName = CHCountdown;
			productReference = DD4EBBCC1C3D0A31005F8D1F /* CHCountdown.app */;
			productType = "com.apple.product-type.application";
		};
/* End PBXNativeTarget section */

/* Begin PBXProject section */
		DD4EBBC41C3D0A31005F8D1F /* Project object */ = {
			isa = PBXProject;
			attributes = {
				LastUpgradeCheck = 0720;
				ORGANIZATIONNAME = Personal;
				TargetAttributes = {
					DD4EBBCB1C3D0A31005F8D1F = {
						CreatedOnToolsVersion = 7.2;
					};
				};
			};
			buildConfigurationList = DD4EBBC71C3D0A31005F8D1F /* Build configuration list for PBXProject "CHCountdown" */;
			compatibilityVersion = "Xcode 3.2";
			developmentRegion = English;
			hasScannedForEncodings = 0;
			knownRegions = (
				en,
				Base,
			);
			mainGroup = DD4EBBC31C3D0A31005F8D1F;
			productRefGroup = DD4EBBCD1C3D0A31005F8D1F /* Products */;
			projectDirPath = "";
			projectRoot = "";
			targets = (
				DD4EBBCB1C3D0A31005F8D1F /* CHCountdown */,
			);
		};
/* End PBXProject section */

/* Begin PBXResourcesBuildPhase section */
		DD4EBBCA1C3D0A31005F8D1F /* Resources */ = {
			isa = PBXResourcesBuildPhase;
			buildActionMask = 2147483647;
			files = (
				DD4EBBDC1C3D0A31005F8D1F /* Assets.xcassets in Resources */,
			);
			runOnlyForDeploymentPostprocessing = 0;
		};
/* End PBXResourcesBuildPhase section */

/* Begin PBXSourcesBuildPhase section */
		DD4EBBC81C3D0A31005F8D1F /* Sources */ = {
			isa = PBXSourcesBuildPhase;
			buildActionMask = 2147483647;
			files = (
				DD4EBBE81C3D0A6F005F8D1F /* CHHomeViewController.m in Sources */,
				DD4EBBEB1C3D0B91005F8D1F /* UIButton+Countdown.m in Sources */,
				DD4EBBD41C3D0A31005F8D1F /* AppDelegate.m in Sources */,
				DD4EBBD11C3D0A31005F8D1F /* main.m in Sources */,
			);
			runOnlyForDeploymentPostprocessing = 0;
		};
/* End PBXSourcesBuildPhase section */

/* Begin XCBuildConfiguration section */
		DD4EBBE11C3D0A31005F8D1F /* Debug */ = {
			isa = XCBuildConfiguration;
			buildSettings = {
				ALWAYS_SEARCH_USER_PATHS = NO;
				CLANG_CXX_LANGUAGE_STANDARD = "gnu++0x";
				CLANG_CXX_LIBRARY = "libc++";
				CLANG_ENABLE_MODULES = YES;
				CLANG_ENABLE_OBJC_ARC = YES;
				CLANG_WARN_BOOL_CONVERSION = YES;
				CLANG_WARN_CONSTANT_CONVERSION = YES;
				CLANG_WARN_DIRECT_OBJC_ISA_USAGE = YES_ERROR;
				CLANG_WARN_EMPTY_BODY = YES;
				CLANG_WARN_ENUM_CONVERSION = YES;
				CLANG_WARN_INT_CONVERSION = YES;
				CLANG_WARN_OBJC_ROOT_CLASS = YES_ERROR;
				CLANG_WARN_UNREACHABLE_CODE = YES;
				CLANG_WARN__DUPLICATE_METHOD_MATCH = YES;
				"CODE_SIGN_IDENTITY[sdk=iphoneos*]" = "iPhone Developer";
				COPY_PHASE_STRIP = NO;
				DEBUG_INFORMATION_FORMAT = dwarf;
				ENABLE_STRICT_OBJC_MSGSEND = YES;
				ENABLE_TESTABILITY = YES;
				GCC_C_LANGUAGE_STANDARD = gnu99;
				GCC_DYNAMIC_NO_PIC = NO;
				GCC_NO_COMMON_BLOCKS = YES;
				GCC_OPTIMIZATION_LEVEL = 0;
				GCC_PREPROCESSOR_DEFINITIONS = (
					"DEBUG=1",
					"$(inherited)",
				);
				GCC_WARN_64_TO_32_BIT_CONVERSION = YES;
				GCC_WARN_ABOUT_RETURN_TYPE = YES_ERROR;
				GCC_WARN_UNDECLARED_SELECTOR = YES;
				GCC_WARN_UNINITIALIZED_AUTOS = YES_AGGRESSIVE;
				GCC_WARN_UNUSED_FUNCTION = YES;
				GCC_WARN_UNUSED_VARIABLE = YES;
				IPHONEOS_DEPLOYMENT_TARGET = 9.2;
				MTL_ENABLE_DEBUG_INFO = YES;
				ONLY_ACTIVE_ARCH = YES;
				SDKROOT = iphoneos;
			};
			name = Debug;
		};
		DD4EBBE21C3D0A31005F8D1F /* Release */ = {
			isa = XCBuildConfiguration;
			buildSettings = {
				ALWAYS_SEARCH_USER_PATHS = NO;
				CLANG_CXX_LANGUAGE_STANDARD = "gnu++0x";
				CLANG_CXX_LIBRARY = "libc++";
				CLANG_ENABLE_MODULES = YES;
				CLANG_ENABLE_OBJC_ARC = YES;
				CLANG_WARN_BOOL_CONVERSION = YES;
				CLANG_WARN_CONSTANT_CONVERSION = YES;
				CLANG_WARN_DIRECT_OBJC_ISA_USAGE = YES_ERROR;
				CLANG_WARN_EMPTY_BODY = YES;
				CLANG_WARN_ENUM_CONVERSION = YES;
				CLANG_WARN_INT_CONVERSION = YES;
				CLANG_WARN_OBJC_ROOT_CLASS = YES_ERROR;
				CLANG_WARN_UNREACHABLE_CODE = YES;
				CLANG_WARN__DUPLICATE_METHOD_MATCH = YES;
				"CODE_SIGN_IDENTITY[sdk=iphoneos*]" = "iPhone Developer";
				COPY_PHASE_STRIP = NO;
				DEBUG_INFORMATION_FORMAT = "dwarf-with-dsym";
				ENABLE_NS_ASSERTIONS = NO;
				ENABLE_STRICT_OBJC_MSGSEND = YES;
				GCC_C_LANGUAGE_STANDARD = gnu99;
				GCC_NO_COMMON_BLOCKS = YES;
				GCC_WARN_64_TO_32_BIT_CONVERSION = YES;
				GCC_WARN_ABOUT_RETURN_TYPE = YES_ERROR;
				GCC_WARN_UNDECLARED_SELECTOR = YES;
				GCC_WARN_UNINITIALIZED_AUTOS = YES_AGGRESSIVE;
				GCC_WARN_UNUSED_FUNCTION = YES;
				GCC_WARN_UNUSED_VARIABLE = YES;
				IPHONEOS_DEPLOYMENT_TARGET = 9.2;
				MTL_ENABLE_DEBUG_INFO = NO;
				SDKROOT = iphoneos;
				VALIDATE_PRODUCT = YES;
			};
			name = Release;
		};
		DD4EBBE41C3D0A31005F8D1F /* Debug */ = {
			isa = XCBuildConfiguration;
			buildSettings = {
				ASSETCATALOG_COMPILER_APPICON_NAME = AppIcon;
				GCC_PREFIX_HEADER = "CHCountdown/CHCountdown-Prefix.pch";
				INFOPLIST_FILE = CHCountdown/Info.plist;
				IPHONEOS_DEPLOYMENT_TARGET = 7.0;
				LD_RUNPATH_SEARCH_PATHS = "$(inherited) @executable_path/Frameworks";
				PRODUCT_BUNDLE_IDENTIFIER = tk.arnold.CHCountdown;
				PRODUCT_NAME = "$(TARGET_NAME)";
			};
			name = Debug;
		};
		DD4EBBE51C3D0A31005F8D1F /* Release */ = {
			isa = XCBuildConfiguration;
			buildSettings = {
				ASSETCATALOG_COMPILER_APPICON_NAME = AppIcon;
				GCC_PREFIX_HEADER = "CHCountdown/CHCountdown-Prefix.pch";
				INFOPLIST_FILE = CHCountdown/Info.plist;
				IPHONEOS_DEPLOYMENT_TARGET = 7.0;
				LD_RUNPATH_SEARCH_PATHS = "$(inherited) @executable_path/Frameworks";
				PRODUCT_BUNDLE_IDENTIFIER = tk.arnold.CHCountdown;
				PRODUCT_NAME = "$(TARGET_NAME)";
			};
			name = Release;
		};
/* End XCBuildConfiguration section */

/* Begin XCConfigurationList section */
		DD4EBBC71C3D0A31005F8D1F /* Build configuration list for PBXProject "CHCountdown" */ = {
			isa = XCConfigurationList;
			buildConfigurations = (
				DD4EBBE11C3D0A31005F8D1F /* Debug */,
				DD4EBBE21C3D0A31005F8D1F /* Release */,
			);
			defaultConfigurationIsVisible = 0;
			defaultConfigurationName = Release;
		};
		DD4EBBE31C3D0A31005F8D1F /* Build configuration list for PBXNativeTarget "CHCountdown" */ = {
			isa = XCConfigurationList;
			buildConfigurations = (
				DD4EBBE41C3D0A31005F8D1F /* Debug */,
				DD4EBBE51C3D0A31005F8D1F /* Release */,
			);
			defaultConfigurationIsVisible = 0;
		};
/* End XCConfigurationList section */
	};
	rootObject = DD4EBBC41C3D0A31005F8D1F /* Project object */;
}
